
Microsoft Visual Studio Solution File, Format Version 12.00
# Visual Studio Version 16
VisualStudioVersion = 16.0.30621.155
MinimumVisualStudioVersion = 10.0.40219.1
Project("{9A19103F-16F7-4668-BE54-9A1E7A4F7556}") = "04.TypeConversion", "TypeConversion\04.TypeConversion.csproj", "{4B2442E9-91FE-4736-88DD-9115AC140456}"
EndProject
Project("{9A19103F-16F7-4668-BE54-9A1E7A4F7556}") = "01.HelloWorld", "HelloWorld\01.HelloWorld.csproj", "{C51C9DF5-17D7-4CEA-8487-53C78F3D68F6}"
EndProject
Project("{9A19103F-16F7-4668-BE54-9A1E7A4F7556}") = "03.Rectangle", "Rectangle\03.Rectangle.csproj", "{F71081BE-AB10-4551-935A-E341479169C0}"
EndProject
Project("{9A19103F-16F7-4668-BE54-9A1E7A4F7556}") = "02.sizeOf", "sizeOf\02.sizeOf.csproj", "{54ADDE70-11A1-4199-8ED8-7C58A394C618}"
EndProject
Project("{9A19103F-16F7-4668-BE54-9A1E7A4F7556}") = "05.Variables", "Variables\05.Variables.csproj", "{A9DEDD34-F9B3-4CAD-A8BA-88E3FFA456EA}"
EndProject
Project("{9A19103F-16F7-4668-BE54-9A1E7A4F7556}") = "06.AcceptValues", "AcceptValues\06.AcceptValues.csproj", "{727C2E0C-979F-4F99-95D8-1183E2BFF94D}"
EndProject
Project("{9A19103F-16F7-4668-BE54-9A1E7A4F7556}") = "07.GetAreaCircle", "07.Literalls\07.GetAreaCircle.csproj", "{9EF407B5-7620-49AA-9DFC-EF9BD9F19BE8}"
EndProject
Project("{9A19103F-16F7-4668-BE54-9A1E7A4F7556}") = "08.GetVoltage", "GerVoltage\08.GetVoltage.csproj", "{B7F7FF52-7FA8-48CF-9232-89DFBDFC0DA6}"
EndProject
Project("{9A19103F-16F7-4668-BE54-9A1E7A4F7556}") = "09.InfiniteLoop", "09.InfiniteLoop\09.InfiniteLoop.csproj", "{4A4AA1C9-9514-4CE7-8181-38D6AA68F259}"
EndProject
Project("{9A19103F-16F7-4668-BE54-9A1E7A4F7556}") = "10.AS-Public", "10.AS-Public\10.AS-Public.csproj", "{4204C5FB-68D3-40A5-AAB8-A02DE98B5AC2}"
EndProject
Project("{9A19103F-16F7-4668-BE54-9A1E7A4F7556}") = "11.AS-Private", "11.AS-Private\11.AS-Private.csproj", "{1CBB5490-BE8D-4987-A8ED-C224214FF858}"
EndProject
Project("{9A19103F-16F7-4668-BE54-9A1E7A4F7556}") = "12.AS-Internal", "12.AS-Internal\12.AS-Internal.csproj", "{5846A56E-F111-4A61-96E6-09A2121DA2E3}"
EndProject
Project("{9A19103F-16F7-4668-BE54-9A1E7A4F7556}") = "13.FindMaxNumber", "13.Methods\13.FindMaxNumber.csproj", "{90B3EA89-C99C-4C38-B018-1A26CC4B31DF}"
EndProject
Project("{9A19103F-16F7-4668-BE54-9A1E7A4F7556}") = "14.FindMaxinArray", "14.FindMaxinArray\14.FindMaxinArray.csproj", "{CB95F587-EF1E-4272-B6F4-9A78A0817F9B}"
EndProject
Project("{9A19103F-16F7-4668-BE54-9A1E7A4F7556}") = "15.Nullables", "Nullables\15.Nullables.csproj", "{36B1C752-FE60-42BA-9420-1DB24AB66848}"
EndProject
Project("{9A19103F-16F7-4668-BE54-9A1E7A4F7556}") = "16.NumberArray", "NumberArray\16.NumberArray.csproj", "{465DA65C-0997-47EA-8DF6-456C910B6A9C}"
EndProject
Project("{9A19103F-16F7-4668-BE54-9A1E7A4F7556}") = "17.Array", "17.Array\17.Array.csproj", "{4B04E72C-9412-44F9-B7D7-5494B60B4C84}"
EndProject
Project("{9A19103F-16F7-4668-BE54-9A1E7A4F7556}") = "18.StarsArray", "StarsArray\18.StarsArray.csproj", "{7A403F60-6D23-425E-9117-2E437C03E10D}"
EndProject
Project("{9A19103F-16F7-4668-BE54-9A1E7A4F7556}") = "19.AnotherArray", "19.AnotherArray\19.AnotherArray.csproj", "{6F198D31-FA71-459C-BD78-7E1ABECF5CEB}"
EndProject
Project("{9A19103F-16F7-4668-BE54-9A1E7A4F7556}") = "20.String", "20.String\20.String.csproj", "{EEBD4B87-AC38-4406-A327-AE14C5D26B28}"
EndProject
Project("{9A19103F-16F7-4668-BE54-9A1E7A4F7556}") = "21.StringSen", "21.StringSen\21.StringSen.csproj", "{8361B119-5A82-47C9-A755-053A74E8E3E9}"
EndProject
Project("{9A19103F-16F7-4668-BE54-9A1E7A4F7556}") = "22.StringSen1.0", "22.StringSen1.0\22.StringSen1.0.csproj", "{65664988-EAD9-4A55-BF1D-4692C7E59CE1}"
EndProject
Project("{9A19103F-16F7-4668-BE54-9A1E7A4F7556}") = "23.StringSen1.1", "23.StringSen1.1\23.StringSen1.1.csproj", "{A460E057-78EC-4E86-BDA4-89B4EF0383D0}"
EndProject
Project("{FAE04EC0-301F-11D3-BF4B-00C04F79EFBC}") = "24.Structure", "24.Structure\24.Structure.csproj", "{A63B1DF7-0B5E-45FB-8814-96C36A0FBEF0}"
EndProject
Project("{FAE04EC0-301F-11D3-BF4B-00C04F79EFBC}") = "25.Structure1.0", "25.Structure1.0\25.Structure1.0.csproj", "{8171ED94-3BA1-4A24-ABA6-60602002DFA7}"
EndProject
Project("{FAE04EC0-301F-11D3-BF4B-00C04F79EFBC}") = "26.Enums", "26.Enums\26.Enums.csproj", "{A1066711-D0B9-4565-94B6-041903C238AF}"
EndProject
Project("{FAE04EC0-301F-11D3-BF4B-00C04F79EFBC}") = "27.Classes1.0", "27.Classes1.0\27.Classes1.0.csproj", "{C8BF6992-53E9-4B59-9CB6-A8FB8BC85B6C}"
EndProject
Project("{FAE04EC0-301F-11D3-BF4B-00C04F79EFBC}") = "28.Classes1.1", "28.Classes1.1\28.Classes1.1.csproj", "{60EBB437-74E9-4BF6-B8DD-166528A21F8A}"
EndProject
Project("{FAE04EC0-301F-11D3-BF4B-00C04F79EFBC}") = "29.Classes2.0", "29.Classes2.0\29.Classes2.0.csproj", "{13598608-1AD2-4A6E-8FF4-D8CABF220C5D}"
EndProject
Project("{FAE04EC0-301F-11D3-BF4B-00C04F79EFBC}") = "30.Classes2.1", "30.Classes2.1\30.Classes2.1.csproj", "{E55115C5-DCDE-4473-A795-F1C2E96A70E3}"
EndProject
Global
	GlobalSection(SolutionConfigurationPlatforms) = preSolution
		Debug|Any CPU = Debug|Any CPU
		Release|Any CPU = Release|Any CPU
	EndGlobalSection
	GlobalSection(ProjectConfigurationPlatforms) = postSolution
		{4B2442E9-91FE-4736-88DD-9115AC140456}.Debug|Any CPU.ActiveCfg = Debug|Any CPU
		{4B2442E9-91FE-4736-88DD-9115AC140456}.Debug|Any CPU.Build.0 = Debug|Any CPU
		{4B2442E9-91FE-4736-88DD-9115AC140456}.Release|Any CPU.ActiveCfg = Release|Any CPU
		{4B2442E9-91FE-4736-88DD-9115AC140456}.Release|Any CPU.Build.0 = Release|Any CPU
		{C51C9DF5-17D7-4CEA-8487-53C78F3D68F6}.Debug|Any CPU.ActiveCfg = Debug|Any CPU
		{C51C9DF5-17D7-4CEA-8487-53C78F3D68F6}.Debug|Any CPU.Build.0 = Debug|Any CPU
		{C51C9DF5-17D7-4CEA-8487-53C78F3D68F6}.Release|Any CPU.ActiveCfg = Release|Any CPU
		{C51C9DF5-17D7-4CEA-8487-53C78F3D68F6}.Release|Any CPU.Build.0 = Release|Any CPU
		{F71081BE-AB10-4551-935A-E341479169C0}.Debug|Any CPU.ActiveCfg = Debug|Any CPU
		{F71081BE-AB10-4551-935A-E341479169C0}.Debug|Any CPU.Build.0 = Debug|Any CPU
		{F71081BE-AB10-4551-935A-E341479169C0}.Release|Any CPU.ActiveCfg = Release|Any CPU
		{F71081BE-AB10-4551-935A-E341479169C0}.Release|Any CPU.Build.0 = Release|Any CPU
		{54ADDE70-11A1-4199-8ED8-7C58A394C618}.Debug|Any CPU.ActiveCfg = Debug|Any CPU
		{54ADDE70-11A1-4199-8ED8-7C58A394C618}.Debug|Any CPU.Build.0 = Debug|Any CPU
		{54ADDE70-11A1-4199-8ED8-7C58A394C618}.Release|Any CPU.ActiveCfg = Release|Any CPU
		{54ADDE70-11A1-4199-8ED8-7C58A394C618}.Release|Any CPU.Build.0 = Release|Any CPU
		{A9DEDD34-F9B3-4CAD-A8BA-88E3FFA456EA}.Debug|Any CPU.ActiveCfg = Debug|Any CPU
		{A9DEDD34-F9B3-4CAD-A8BA-88E3FFA456EA}.Debug|Any CPU.Build.0 = Debug|Any CPU
		{A9DEDD34-F9B3-4CAD-A8BA-88E3FFA456EA}.Release|Any CPU.ActiveCfg = Release|Any CPU
		{A9DEDD34-F9B3-4CAD-A8BA-88E3FFA456EA}.Release|Any CPU.Build.0 = Release|Any CPU
		{727C2E0C-979F-4F99-95D8-1183E2BFF94D}.Debug|Any CPU.ActiveCfg = Debug|Any CPU
		{727C2E0C-979F-4F99-95D8-1183E2BFF94D}.Debug|Any CPU.Build.0 = Debug|Any CPU
		{727C2E0C-979F-4F99-95D8-1183E2BFF94D}.Release|Any CPU.ActiveCfg = Release|Any CPU
		{727C2E0C-979F-4F99-95D8-1183E2BFF94D}.Release|Any CPU.Build.0 = Release|Any CPU
		{9EF407B5-7620-49AA-9DFC-EF9BD9F19BE8}.Debug|Any CPU.ActiveCfg = Debug|Any CPU
		{9EF407B5-7620-49AA-9DFC-EF9BD9F19BE8}.Debug|Any CPU.Build.0 = Debug|Any CPU
		{9EF407B5-7620-49AA-9DFC-EF9BD9F19BE8}.Release|Any CPU.ActiveCfg = Release|Any CPU
		{9EF407B5-7620-49AA-9DFC-EF9BD9F19BE8}.Release|Any CPU.Build.0 = Release|Any CPU
		{B7F7FF52-7FA8-48CF-9232-89DFBDFC0DA6}.Debug|Any CPU.ActiveCfg = Debug|Any CPU
		{B7F7FF52-7FA8-48CF-9232-89DFBDFC0DA6}.Debug|Any CPU.Build.0 = Debug|Any CPU
		{B7F7FF52-7FA8-48CF-9232-89DFBDFC0DA6}.Release|Any CPU.ActiveCfg = Release|Any CPU
		{B7F7FF52-7FA8-48CF-9232-89DFBDFC0DA6}.Release|Any CPU.Build.0 = Release|Any CPU
		{4A4AA1C9-9514-4CE7-8181-38D6AA68F259}.Debug|Any CPU.ActiveCfg = Debug|Any CPU
		{4A4AA1C9-9514-4CE7-8181-38D6AA68F259}.Debug|Any CPU.Build.0 = Debug|Any CPU
		{4A4AA1C9-9514-4CE7-8181-38D6AA68F259}.Release|Any CPU.ActiveCfg = Release|Any CPU
		{4A4AA1C9-9514-4CE7-8181-38D6AA68F259}.Release|Any CPU.Build.0 = Release|Any CPU
		{4204C5FB-68D3-40A5-AAB8-A02DE98B5AC2}.Debug|Any CPU.ActiveCfg = Debug|Any CPU
		{4204C5FB-68D3-40A5-AAB8-A02DE98B5AC2}.Debug|Any CPU.Build.0 = Debug|Any CPU
		{4204C5FB-68D3-40A5-AAB8-A02DE98B5AC2}.Release|Any CPU.ActiveCfg = Release|Any CPU
		{4204C5FB-68D3-40A5-AAB8-A02DE98B5AC2}.Release|Any CPU.Build.0 = Release|Any CPU
		{1CBB5490-BE8D-4987-A8ED-C224214FF858}.Debug|Any CPU.ActiveCfg = Debug|Any CPU
		{1CBB5490-BE8D-4987-A8ED-C224214FF858}.Debug|Any CPU.Build.0 = Debug|Any CPU
		{1CBB5490-BE8D-4987-A8ED-C224214FF858}.Release|Any CPU.ActiveCfg = Release|Any CPU
		{1CBB5490-BE8D-4987-A8ED-C224214FF858}.Release|Any CPU.Build.0 = Release|Any CPU
		{5846A56E-F111-4A61-96E6-09A2121DA2E3}.Debug|Any CPU.ActiveCfg = Debug|Any CPU
		{5846A56E-F111-4A61-96E6-09A2121DA2E3}.Debug|Any CPU.Build.0 = Debug|Any CPU
		{5846A56E-F111-4A61-96E6-09A2121DA2E3}.Release|Any CPU.ActiveCfg = Release|Any CPU
		{5846A56E-F111-4A61-96E6-09A2121DA2E3}.Release|Any CPU.Build.0 = Release|Any CPU
		{90B3EA89-C99C-4C38-B018-1A26CC4B31DF}.Debug|Any CPU.ActiveCfg = Debug|Any CPU
		{90B3EA89-C99C-4C38-B018-1A26CC4B31DF}.Debug|Any CPU.Build.0 = Debug|Any CPU
		{90B3EA89-C99C-4C38-B018-1A26CC4B31DF}.Release|Any CPU.ActiveCfg = Release|Any CPU
		{90B3EA89-C99C-4C38-B018-1A26CC4B31DF}.Release|Any CPU.Build.0 = Release|Any CPU
		{CB95F587-EF1E-4272-B6F4-9A78A0817F9B}.Debug|Any CPU.ActiveCfg = Debug|Any CPU
		{CB95F587-EF1E-4272-B6F4-9A78A0817F9B}.Debug|Any CPU.Build.0 = Debug|Any CPU
		{CB95F587-EF1E-4272-B6F4-9A78A0817F9B}.Release|Any CPU.ActiveCfg = Release|Any CPU
		{CB95F587-EF1E-4272-B6F4-9A78A0817F9B}.Release|Any CPU.Build.0 = Release|Any CPU
		{36B1C752-FE60-42BA-9420-1DB24AB66848}.Debug|Any CPU.ActiveCfg = Debug|Any CPU
		{36B1C752-FE60-42BA-9420-1DB24AB66848}.Debug|Any CPU.Build.0 = Debug|Any CPU
		{36B1C752-FE60-42BA-9420-1DB24AB66848}.Release|Any CPU.ActiveCfg = Release|Any CPU
		{36B1C752-FE60-42BA-9420-1DB24AB66848}.Release|Any CPU.Build.0 = Release|Any CPU
		{465DA65C-0997-47EA-8DF6-456C910B6A9C}.Debug|Any CPU.ActiveCfg = Debug|Any CPU
		{465DA65C-0997-47EA-8DF6-456C910B6A9C}.Debug|Any CPU.Build.0 = Debug|Any CPU
		{465DA65C-0997-47EA-8DF6-456C910B6A9C}.Release|Any CPU.ActiveCfg = Release|Any CPU
		{465DA65C-0997-47EA-8DF6-456C910B6A9C}.Release|Any CPU.Build.0 = Release|Any CPU
		{4B04E72C-9412-44F9-B7D7-5494B60B4C84}.Debug|Any CPU.ActiveCfg = Debug|Any CPU
		{4B04E72C-9412-44F9-B7D7-5494B60B4C84}.Debug|Any CPU.Build.0 = Debug|Any CPU
		{4B04E72C-9412-44F9-B7D7-5494B60B4C84}.Release|Any CPU.ActiveCfg = Release|Any CPU
		{4B04E72C-9412-44F9-B7D7-5494B60B4C84}.Release|Any CPU.Build.0 = Release|Any CPU
		{7A403F60-6D23-425E-9117-2E437C03E10D}.Debug|Any CPU.ActiveCfg = Debug|Any CPU
		{7A403F60-6D23-425E-9117-2E437C03E10D}.Debug|Any CPU.Build.0 = Debug|Any CPU
		{7A403F60-6D23-425E-9117-2E437C03E10D}.Release|Any CPU.ActiveCfg = Release|Any CPU
		{7A403F60-6D23-425E-9117-2E437C03E10D}.Release|Any CPU.Build.0 = Release|Any CPU
		{6F198D31-FA71-459C-BD78-7E1ABECF5CEB}.Debug|Any CPU.ActiveCfg = Debug|Any CPU
		{6F198D31-FA71-459C-BD78-7E1ABECF5CEB}.Debug|Any CPU.Build.0 = Debug|Any CPU
		{6F198D31-FA71-459C-BD78-7E1ABECF5CEB}.Release|Any CPU.ActiveCfg = Release|Any CPU
		{6F198D31-FA71-459C-BD78-7E1ABECF5CEB}.Release|Any CPU.Build.0 = Release|Any CPU
		{EEBD4B87-AC38-4406-A327-AE14C5D26B28}.Debug|Any CPU.ActiveCfg = Debug|Any CPU
		{EEBD4B87-AC38-4406-A327-AE14C5D26B28}.Debug|Any CPU.Build.0 = Debug|Any CPU
		{EEBD4B87-AC38-4406-A327-AE14C5D26B28}.Release|Any CPU.ActiveCfg = Release|Any CPU
		{EEBD4B87-AC38-4406-A327-AE14C5D26B28}.Release|Any CPU.Build.0 = Release|Any CPU
		{8361B119-5A82-47C9-A755-053A74E8E3E9}.Debug|Any CPU.ActiveCfg = Debug|Any CPU
		{8361B119-5A82-47C9-A755-053A74E8E3E9}.Debug|Any CPU.Build.0 = Debug|Any CPU
		{8361B119-5A82-47C9-A755-053A74E8E3E9}.Release|Any CPU.ActiveCfg = Release|Any CPU
		{8361B119-5A82-47C9-A755-053A74E8E3E9}.Release|Any CPU.Build.0 = Release|Any CPU
		{65664988-EAD9-4A55-BF1D-4692C7E59CE1}.Debug|Any CPU.ActiveCfg = Debug|Any CPU
		{65664988-EAD9-4A55-BF1D-4692C7E59CE1}.Debug|Any CPU.Build.0 = Debug|Any CPU
		{65664988-EAD9-4A55-BF1D-4692C7E59CE1}.Release|Any CPU.ActiveCfg = Release|Any CPU
		{65664988-EAD9-4A55-BF1D-4692C7E59CE1}.Release|Any CPU.Build.0 = Release|Any CPU
		{A460E057-78EC-4E86-BDA4-89B4EF0383D0}.Debug|Any CPU.ActiveCfg = Debug|Any CPU
		{A460E057-78EC-4E86-BDA4-89B4EF0383D0}.Debug|Any CPU.Build.0 = Debug|Any CPU
		{A460E057-78EC-4E86-BDA4-89B4EF0383D0}.Release|Any CPU.ActiveCfg = Release|Any CPU
		{A460E057-78EC-4E86-BDA4-89B4EF0383D0}.Release|Any CPU.Build.0 = Release|Any CPU
		{A63B1DF7-0B5E-45FB-8814-96C36A0FBEF0}.Debug|Any CPU.ActiveCfg = Debug|Any CPU
		{A63B1DF7-0B5E-45FB-8814-96C36A0FBEF0}.Debug|Any CPU.Build.0 = Debug|Any CPU
		{A63B1DF7-0B5E-45FB-8814-96C36A0FBEF0}.Release|Any CPU.ActiveCfg = Release|Any CPU
		{A63B1DF7-0B5E-45FB-8814-96C36A0FBEF0}.Release|Any CPU.Build.0 = Release|Any CPU
		{8171ED94-3BA1-4A24-ABA6-60602002DFA7}.Debug|Any CPU.ActiveCfg = Debug|Any CPU
		{8171ED94-3BA1-4A24-ABA6-60602002DFA7}.Debug|Any CPU.Build.0 = Debug|Any CPU
		{8171ED94-3BA1-4A24-ABA6-60602002DFA7}.Release|Any CPU.ActiveCfg = Release|Any CPU
		{8171ED94-3BA1-4A24-ABA6-60602002DFA7}.Release|Any CPU.Build.0 = Release|Any CPU
		{A1066711-D0B9-4565-94B6-041903C238AF}.Debug|Any CPU.ActiveCfg = Debug|Any CPU
		{A1066711-D0B9-4565-94B6-041903C238AF}.Debug|Any CPU.Build.0 = Debug|Any CPU
		{A1066711-D0B9-4565-94B6-041903C238AF}.Release|Any CPU.ActiveCfg = Release|Any CPU
		{A1066711-D0B9-4565-94B6-041903C238AF}.Release|Any CPU.Build.0 = Release|Any CPU
		{C8BF6992-53E9-4B59-9CB6-A8FB8BC85B6C}.Debug|Any CPU.ActiveCfg = Debug|Any CPU
		{C8BF6992-53E9-4B59-9CB6-A8FB8BC85B6C}.Debug|Any CPU.Build.0 = Debug|Any CPU
		{C8BF6992-53E9-4B59-9CB6-A8FB8BC85B6C}.Release|Any CPU.ActiveCfg = Release|Any CPU
		{C8BF6992-53E9-4B59-9CB6-A8FB8BC85B6C}.Release|Any CPU.Build.0 = Release|Any CPU
		{60EBB437-74E9-4BF6-B8DD-166528A21F8A}.Debug|Any CPU.ActiveCfg = Debug|Any CPU
		{60EBB437-74E9-4BF6-B8DD-166528A21F8A}.Debug|Any CPU.Build.0 = Debug|Any CPU
		{60EBB437-74E9-4BF6-B8DD-166528A21F8A}.Release|Any CPU.ActiveCfg = Release|Any CPU
		{60EBB437-74E9-4BF6-B8DD-166528A21F8A}.Release|Any CPU.Build.0 = Release|Any CPU
		{13598608-1AD2-4A6E-8FF4-D8CABF220C5D}.Debug|Any CPU.ActiveCfg = Debug|Any CPU
		{13598608-1AD2-4A6E-8FF4-D8CABF220C5D}.Debug|Any CPU.Build.0 = Debug|Any CPU
		{13598608-1AD2-4A6E-8FF4-D8CABF220C5D}.Release|Any CPU.ActiveCfg = Release|Any CPU
		{13598608-1AD2-4A6E-8FF4-D8CABF220C5D}.Release|Any CPU.Build.0 = Release|Any CPU
		{E55115C5-DCDE-4473-A795-F1C2E96A70E3}.Debug|Any CPU.ActiveCfg = Debug|Any CPU
		{E55115C5-DCDE-4473-A795-F1C2E96A70E3}.Debug|Any CPU.Build.0 = Debug|Any CPU
		{E55115C5-DCDE-4473-A795-F1C2E96A70E3}.Release|Any CPU.ActiveCfg = Release|Any CPU
		{E55115C5-DCDE-4473-A795-F1C2E96A70E3}.Release|Any CPU.Build.0 = Release|Any CPU
	EndGlobalSection
	GlobalSection(SolutionProperties) = preSolution
		HideSolutionNode = FALSE
	EndGlobalSection
	GlobalSection(ExtensibilityGlobals) = postSolution
		SolutionGuid = {97465790-453A-4073-98B3-CF633A1C8005}
	EndGlobalSection
EndGlobal
